
Microsoft Visual Studio Solution File, Format Version 12.00
# Visual Studio 15
VisualStudioVersion = 15.0.27428.2037
MinimumVisualStudioVersion = 10.0.40219.1
Project("{FAE04EC0-301F-11D3-BF4B-00C04F79EFBC}") = "CandidatePlanofStudy", "CandidatePlanofStudy.csproj", "{8B30FE2D-CD14-4E86-B2DC-D856E7430215}"
EndProject
Global
	GlobalSection(SolutionConfigurationPlatforms) = preSolution
		Debug|Any CPU = Debug|Any CPU
		Release|Any CPU = Release|Any CPU
	EndGlobalSection
	GlobalSection(ProjectConfigurationPlatforms) = postSolution
		{8B30FE2D-CD14-4E86-B2DC-D856E7430215}.Debug|Any CPU.ActiveCfg = Debug|Any CPU
		{8B30FE2D-CD14-4E86-B2DC-D856E7430215}.Debug|Any CPU.Build.0 = Debug|Any CPU
		{8B30FE2D-CD14-4E86-B2DC-D856E7430215}.Release|Any CPU.ActiveCfg = Release|Any CPU
		{8B30FE2D-CD14-4E86-B2DC-D856E7430215}.Release|Any CPU.Build.0 = Release|Any CPU
	EndGlobalSection
	GlobalSection(SolutionProperties) = preSolution
		HideSolutionNode = FALSE
	EndGlobalSection
	GlobalSection(ExtensibilityGlobals) = postSolution
		SolutionGuid = {008436CE-0799-49A6-8D74-1667F5E09497}
	EndGlobalSection
EndGlobal
